{
  "name": "learningmanagement",
  "version": "1.0.0",
  "lockfileVersion": 1,
  "requires": true,
  "dependencies": {
    "@types/bluebird": {
      "version": "https://registry.npmjs.org/@types/bluebird/-/bluebird-3.5.20.tgz",
      "integrity": "sha1-9jYxcq3W9Oq7jK2lPKmvJ4Ho1qE=",
      "dev": true
    },
    "@types/body-parser": {
      "version": "https://registry.npmjs.org/@types/body-parser/-/body-parser-1.17.0.tgz",
      "integrity": "sha1-n1ydm9BLtUvjLV65/A2Ml05s9Yw=",
      "dev": true,
      "requires": {
        "@types/connect": "https://registry.npmjs.org/@types/connect/-/connect-3.4.32.tgz",
        "@types/node": "https://registry.npmjs.org/@types/node/-/node-9.6.6.tgz"
      }
    },
    "@types/connect": {
      "version": "https://registry.npmjs.org/@types/connect/-/connect-3.4.32.tgz",
      "integrity": "sha1-qg6WFrlDXMrQK8UrW0VP/Cxwuig=",
      "dev": true,
      "requires": {
        "@types/node": "https://registry.npmjs.org/@types/node/-/node-9.6.6.tgz"
      }
    },
    "@types/continuation-local-storage": {
      "version": "https://registry.npmjs.org/@types/continuation-local-storage/-/continuation-local-storage-3.2.1.tgz",
      "integrity": "sha1-oz4N+dzptCTRyY/E/evYV43O7H4=",
      "dev": true,
      "requires": {
        "@types/node": "https://registry.npmjs.org/@types/node/-/node-9.6.6.tgz"
      }
    },
    "@types/events": {
      "version": "https://registry.npmjs.org/@types/events/-/events-1.2.0.tgz",
      "integrity": "sha1-gaZzHOTfQ2GeXIyUU4Oz5iqJ6oY=",
      "dev": true
    },
    "@types/express": {
      "version": "https://registry.npmjs.org/@types/express/-/express-4.11.1.tgz",
      "integrity": "sha1-+ZZjs6sy0EyxHbYS713Xkz91Rls=",
      "dev": true,
      "requires": {
        "@types/body-parser": "https://registry.npmjs.org/@types/body-parser/-/body-parser-1.17.0.tgz",
        "@types/express-serve-static-core": "https://registry.npmjs.org/@types/express-serve-static-core/-/express-serve-static-core-4.11.1.tgz",
        "@types/serve-static": "https://registry.npmjs.org/@types/serve-static/-/serve-static-1.13.1.tgz"
      }
    },
    "@types/express-serve-static-core": {
      "version": "https://registry.npmjs.org/@types/express-serve-static-core/-/express-serve-static-core-4.11.1.tgz",
      "integrity": "sha1-9vchI4LVmxnWlmd7yqSKNygPXUU=",
      "dev": true,
      "requires": {
        "@types/events": "https://registry.npmjs.org/@types/events/-/events-1.2.0.tgz",
        "@types/node": "https://registry.npmjs.org/@types/node/-/node-9.6.6.tgz"
      }
    },
    "@types/express-session": {
      "version": "https://registry.npmjs.org/@types/express-session/-/express-session-1.15.8.tgz",
      "integrity": "sha1-sYdzLo+oitn9XZPAIWlkYKBpS3w=",
      "dev": true,
      "requires": {
        "@types/events": "https://registry.npmjs.org/@types/events/-/events-1.2.0.tgz",
        "@types/express": "https://registry.npmjs.org/@types/express/-/express-4.11.1.tgz",
        "@types/node": "https://registry.npmjs.org/@types/node/-/node-9.6.6.tgz"
      }
    },
    "@types/geojson": {
      "version": "https://registry.npmjs.org/@types/geojson/-/geojson-1.0.6.tgz",
      "integrity": "sha1-PgKXJyjGkkjCrwjWCkjLuGgP/98="
    },
    "@types/lodash": {
      "version": "https://registry.npmjs.org/@types/lodash/-/lodash-4.14.108.tgz",
      "integrity": "sha1-AmVq863S5bMXT4MIYsR0IcAO+Bc=",
      "dev": true
    },
    "@types/mime": {
      "version": "https://registry.npmjs.org/@types/mime/-/mime-2.0.0.tgz",
      "integrity": "sha1-WnMG42fFObn2VDSZ3o3VGfrDeos=",
      "dev": true
    },
    "@types/node": {
      "version": "https://registry.npmjs.org/@types/node/-/node-9.6.6.tgz",
      "integrity": "sha1-Q5uR+crzmDytLu8eEfa+3L+UMdI="
    },
    "@types/passport": {
      "version": "https://registry.npmjs.org/@types/passport/-/passport-0.4.5.tgz",
      "integrity": "sha1-pt1b0vlvLxXTUKaIw/WaoW0QHHo=",
      "dev": true,
      "requires": {
        "@types/express": "https://registry.npmjs.org/@types/express/-/express-4.11.1.tgz"
      }
    },
    "@types/passport-local": {
      "version": "https://registry.npmjs.org/@types/passport-local/-/passport-local-1.0.33.tgz",
      "integrity": "sha1-0kW2DFuAHLOuyh/6tVfV/hU0Jg0=",
      "dev": true,
      "requires": {
        "@types/express": "https://registry.npmjs.org/@types/express/-/express-4.11.1.tgz",
        "@types/passport": "https://registry.npmjs.org/@types/passport/-/passport-0.4.5.tgz",
        "@types/passport-strategy": "https://registry.npmjs.org/@types/passport-strategy/-/passport-strategy-0.2.33.tgz"
      }
    },
    "@types/passport-strategy": {
      "version": "https://registry.npmjs.org/@types/passport-strategy/-/passport-strategy-0.2.33.tgz",
      "integrity": "sha1-pSPGUmJi+W2eQGPZKFchVR2HiJs=",
      "dev": true,
      "requires": {
        "@types/express": "https://registry.npmjs.org/@types/express/-/express-4.11.1.tgz",
        "@types/passport": "https://registry.npmjs.org/@types/passport/-/passport-0.4.5.tgz"
      }
    },
    "@types/sequelize": {
      "version": "https://registry.npmjs.org/@types/sequelize/-/sequelize-4.27.15.tgz",
      "integrity": "sha1-IGrKPE1HBBGBV5LgwkHS0oc+3M0=",
      "dev": true,
      "requires": {
        "@types/bluebird": "https://registry.npmjs.org/@types/bluebird/-/bluebird-3.5.20.tgz",
        "@types/continuation-local-storage": "https://registry.npmjs.org/@types/continuation-local-storage/-/continuation-local-storage-3.2.1.tgz",
        "@types/lodash": "https://registry.npmjs.org/@types/lodash/-/lodash-4.14.108.tgz",
        "@types/validator": "https://registry.npmjs.org/@types/validator/-/validator-9.4.1.tgz"
      }
    },
    "@types/serve-static": {
      "version": "https://registry.npmjs.org/@types/serve-static/-/serve-static-1.13.1.tgz",
      "integrity": "sha1-HSgB+mNdJ0zZfU7AfiayG0QSdJI=",
      "dev": true,
      "requires": {
        "@types/express-serve-static-core": "https://registry.npmjs.org/@types/express-serve-static-core/-/express-serve-static-core-4.11.1.tgz",
        "@types/mime": "https://registry.npmjs.org/@types/mime/-/mime-2.0.0.tgz"
      }
    },
    "@types/sqlite3": {
      "version": "https://registry.npmjs.org/@types/sqlite3/-/sqlite3-3.1.3.tgz",
      "integrity": "sha1-WA1UcgO4rW4RqmpnacjKXX4ZfRM=",
      "dev": true,
      "requires": {
        "@types/events": "https://registry.npmjs.org/@types/events/-/events-1.2.0.tgz",
        "@types/node": "https://registry.npmjs.org/@types/node/-/node-9.6.6.tgz"
      }
    },
    "@types/validator": {
      "version": "https://registry.npmjs.org/@types/validator/-/validator-9.4.1.tgz",
      "integrity": "sha1-vqWikOYfHL8Srz/YeHBq7sK6AIc=",
      "dev": true
    },
    "accepts": {
      "version": "https://registry.npmjs.org/accepts/-/accepts-1.3.5.tgz",
      "integrity": "sha1-63d99gEXI6OxTopywIBcjoZ0a9I=",
      "requires": {
        "mime-types": "https://registry.npmjs.org/mime-types/-/mime-types-2.1.18.tgz",
        "negotiator": "https://registry.npmjs.org/negotiator/-/negotiator-0.6.1.tgz"
      }
    },
    "array-flatten": {
      "version": "https://registry.npmjs.org/array-flatten/-/array-flatten-1.1.1.tgz",
      "integrity": "sha1-ml9pkFGx5wczKPKgCJaLZOopVdI="
    },
    "bluebird": {
      "version": "https://registry.npmjs.org/bluebird/-/bluebird-3.5.1.tgz",
      "integrity": "sha1-2VUfnemPH82h5oPRfukaBgLuLrk="
    },
    "body-parser": {
      "version": "https://registry.npmjs.org/body-parser/-/body-parser-1.18.2.tgz",
      "integrity": "sha1-h2eKGdhLR9hZuDGZvVm84iKxBFQ=",
      "requires": {
        "bytes": "https://registry.npmjs.org/bytes/-/bytes-3.0.0.tgz",
        "content-type": "https://registry.npmjs.org/content-type/-/content-type-1.0.4.tgz",
        "debug": "https://registry.npmjs.org/debug/-/debug-2.6.9.tgz",
        "depd": "https://registry.npmjs.org/depd/-/depd-1.1.2.tgz",
        "http-errors": "https://registry.npmjs.org/http-errors/-/http-errors-1.6.3.tgz",
        "iconv-lite": "https://registry.npmjs.org/iconv-lite/-/iconv-lite-0.4.19.tgz",
        "on-finished": "https://registry.npmjs.org/on-finished/-/on-finished-2.3.0.tgz",
        "qs": "https://registry.npmjs.org/qs/-/qs-6.5.1.tgz",
        "raw-body": "https://registry.npmjs.org/raw-body/-/raw-body-2.3.2.tgz",
        "type-is": "https://registry.npmjs.org/type-is/-/type-is-1.6.16.tgz"
      }
    },
    "bytes": {
      "version": "https://registry.npmjs.org/bytes/-/bytes-3.0.0.tgz",
      "integrity": "sha1-0ygVQE1olpn4Wk6k+odV3ROpYEg="
    },
    "cls-bluebird": {
      "version": "https://registry.npmjs.org/cls-bluebird/-/cls-bluebird-2.1.0.tgz",
      "integrity": "sha1-N+8eCAqP+1XC9BZPU28ZGeeWiu4=",
      "requires": {
        "is-bluebird": "https://registry.npmjs.org/is-bluebird/-/is-bluebird-1.0.2.tgz",
        "shimmer": "https://registry.npmjs.org/shimmer/-/shimmer-1.2.0.tgz"
      }
    },
    "content-disposition": {
      "version": "https://registry.npmjs.org/content-disposition/-/content-disposition-0.5.2.tgz",
      "integrity": "sha1-DPaLud318r55YcOoUXjLhdunjLQ="
    },
    "content-type": {
      "version": "https://registry.npmjs.org/content-type/-/content-type-1.0.4.tgz",
      "integrity": "sha1-4TjMdeBAxyexlm/l5fjJruJW/js="
    },
    "cookie": {
      "version": "https://registry.npmjs.org/cookie/-/cookie-0.3.1.tgz",
      "integrity": "sha1-5+Ch+e9DtMi6klxcWpboBtFoc7s="
    },
    "cookie-signature": {
      "version": "https://registry.npmjs.org/cookie-signature/-/cookie-signature-1.0.6.tgz",
      "integrity": "sha1-4wOogrNCzD7oylE6eZmXNNqzriw="
    },
    "crc": {
      "version": "https://registry.npmjs.org/crc/-/crc-3.4.4.tgz",
      "integrity": "sha1-naHpgOO9RPxck79as9ozeNheRms="
    },
    "debug": {
      "version": "https://registry.npmjs.org/debug/-/debug-2.6.9.tgz",
      "integrity": "sha1-XRKFFd8TT/Mn6QpMk/Tgd6U2NB8=",
      "requires": {
        "ms": "https://registry.npmjs.org/ms/-/ms-2.0.0.tgz"
      }
    },
    "depd": {
      "version": "https://registry.npmjs.org/depd/-/depd-1.1.2.tgz",
      "integrity": "sha1-m81S4UwJd2PnSbJ0xDRu0uVgtak="
    },
    "destroy": {
      "version": "https://registry.npmjs.org/destroy/-/destroy-1.0.4.tgz",
      "integrity": "sha1-l4hXRCxEdJ5CBmE+N5RiBYJqvYA="
    },
    "dottie": {
      "version": "https://registry.npmjs.org/dottie/-/dottie-2.0.0.tgz",
      "integrity": "sha1-2hkZgci41xPKARXViYzzl8Lw3dA="
    },
    "ee-first": {
      "version": "https://registry.npmjs.org/ee-first/-/ee-first-1.1.1.tgz",
      "integrity": "sha1-WQxhFWsK4vTwJVcyoViyZrxWsh0="
    },
    "encodeurl": {
      "version": "https://registry.npmjs.org/encodeurl/-/encodeurl-1.0.2.tgz",
      "integrity": "sha1-rT/0yG7C0CkyL1oCw6mmBslbP1k="
    },
    "escape-html": {
      "version": "https://registry.npmjs.org/escape-html/-/escape-html-1.0.3.tgz",
      "integrity": "sha1-Aljq5NPQwJdN4cFpGI7wBR0dGYg="
    },
    "etag": {
      "version": "https://registry.npmjs.org/etag/-/etag-1.8.1.tgz",
      "integrity": "sha1-Qa4u62XvpiJorr/qg6x9eSmbCIc="
    },
    "express": {
      "version": "https://registry.npmjs.org/express/-/express-4.16.3.tgz",
      "integrity": "sha1-avilAjUNsyRuzEvs9rWjTSL37VM=",
      "requires": {
        "accepts": "https://registry.npmjs.org/accepts/-/accepts-1.3.5.tgz",
        "array-flatten": "https://registry.npmjs.org/array-flatten/-/array-flatten-1.1.1.tgz",
        "body-parser": "https://registry.npmjs.org/body-parser/-/body-parser-1.18.2.tgz",
        "content-disposition": "https://registry.npmjs.org/content-disposition/-/content-disposition-0.5.2.tgz",
        "content-type": "https://registry.npmjs.org/content-type/-/content-type-1.0.4.tgz",
        "cookie": "https://registry.npmjs.org/cookie/-/cookie-0.3.1.tgz",
        "cookie-signature": "https://registry.npmjs.org/cookie-signature/-/cookie-signature-1.0.6.tgz",
        "debug": "https://registry.npmjs.org/debug/-/debug-2.6.9.tgz",
        "depd": "https://registry.npmjs.org/depd/-/depd-1.1.2.tgz",
        "encodeurl": "https://registry.npmjs.org/encodeurl/-/encodeurl-1.0.2.tgz",
        "escape-html": "https://registry.npmjs.org/escape-html/-/escape-html-1.0.3.tgz",
        "etag": "https://registry.npmjs.org/etag/-/etag-1.8.1.tgz",
        "finalhandler": "https://registry.npmjs.org/finalhandler/-/finalhandler-1.1.1.tgz",
        "fresh": "https://registry.npmjs.org/fresh/-/fresh-0.5.2.tgz",
        "merge-descriptors": "https://registry.npmjs.org/merge-descriptors/-/merge-descriptors-1.0.1.tgz",
        "methods": "https://registry.npmjs.org/methods/-/methods-1.1.2.tgz",
        "on-finished": "https://registry.npmjs.org/on-finished/-/on-finished-2.3.0.tgz",
        "parseurl": "https://registry.npmjs.org/parseurl/-/parseurl-1.3.2.tgz",
        "path-to-regexp": "https://registry.npmjs.org/path-to-regexp/-/path-to-regexp-0.1.7.tgz",
        "proxy-addr": "https://registry.npmjs.org/proxy-addr/-/proxy-addr-2.0.3.tgz",
        "qs": "https://registry.npmjs.org/qs/-/qs-6.5.1.tgz",
        "range-parser": "https://registry.npmjs.org/range-parser/-/range-parser-1.2.0.tgz",
        "safe-buffer": "https://registry.npmjs.org/safe-buffer/-/safe-buffer-5.1.1.tgz",
        "send": "https://registry.npmjs.org/send/-/send-0.16.2.tgz",
        "serve-static": "https://registry.npmjs.org/serve-static/-/serve-static-1.13.2.tgz",
        "setprototypeof": "https://registry.npmjs.org/setprototypeof/-/setprototypeof-1.1.0.tgz",
        "statuses": "https://registry.npmjs.org/statuses/-/statuses-1.4.0.tgz",
        "type-is": "https://registry.npmjs.org/type-is/-/type-is-1.6.16.tgz",
        "utils-merge": "https://registry.npmjs.org/utils-merge/-/utils-merge-1.0.1.tgz",
        "vary": "https://registry.npmjs.org/vary/-/vary-1.1.2.tgz"
      }
    },
    "express-session": {
      "version": "https://registry.npmjs.org/express-session/-/express-session-1.15.6.tgz",
      "integrity": "sha1-R7QWDIj0KrcP6KUI4xy/92dXqwo=",
      "requires": {
        "cookie": "https://registry.npmjs.org/cookie/-/cookie-0.3.1.tgz",
        "cookie-signature": "https://registry.npmjs.org/cookie-signature/-/cookie-signature-1.0.6.tgz",
        "crc": "https://registry.npmjs.org/crc/-/crc-3.4.4.tgz",
        "debug": "https://registry.npmjs.org/debug/-/debug-2.6.9.tgz",
        "depd": "https://registry.npmjs.org/depd/-/depd-1.1.2.tgz",
        "on-headers": "https://registry.npmjs.org/on-headers/-/on-headers-1.0.1.tgz",
        "parseurl": "https://registry.npmjs.org/parseurl/-/parseurl-1.3.2.tgz",
        "uid-safe": "https://registry.npmjs.org/uid-safe/-/uid-safe-2.1.5.tgz",
        "utils-merge": "https://registry.npmjs.org/utils-merge/-/utils-merge-1.0.1.tgz"
      }
    },
    "finalhandler": {
      "version": "https://registry.npmjs.org/finalhandler/-/finalhandler-1.1.1.tgz",
      "integrity": "sha1-7r9O2EAHnIP0JJA4ydcDAIMBsQU=",
      "requires": {
        "debug": "https://registry.npmjs.org/debug/-/debug-2.6.9.tgz",
        "encodeurl": "https://registry.npmjs.org/encodeurl/-/encodeurl-1.0.2.tgz",
        "escape-html": "https://registry.npmjs.org/escape-html/-/escape-html-1.0.3.tgz",
        "on-finished": "https://registry.npmjs.org/on-finished/-/on-finished-2.3.0.tgz",
        "parseurl": "https://registry.npmjs.org/parseurl/-/parseurl-1.3.2.tgz",
        "statuses": "https://registry.npmjs.org/statuses/-/statuses-1.4.0.tgz",
        "unpipe": "https://registry.npmjs.org/unpipe/-/unpipe-1.0.0.tgz"
      }
    },
    "forwarded": {
      "version": "https://registry.npmjs.org/forwarded/-/forwarded-0.1.2.tgz",
      "integrity": "sha1-mMI9qxF1ZXuMBXPozszZGw/xjIQ="
    },
    "fresh": {
      "version": "https://registry.npmjs.org/fresh/-/fresh-0.5.2.tgz",
      "integrity": "sha1-PYyt2Q2XZWn6g1qx+OSyOhBWBac="
    },
    "generic-pool": {
      "version": "https://registry.npmjs.org/generic-pool/-/generic-pool-3.4.2.tgz",
      "integrity": "sha1-kv9xllINZwg5pnMICSoSqt8valk="
    },
    "http-errors": {
      "version": "https://registry.npmjs.org/http-errors/-/http-errors-1.6.3.tgz",
      "integrity": "sha1-i1VoC7S+KDoLW/TqLjhYC+HZMg0=",
      "requires": {
        "depd": "https://registry.npmjs.org/depd/-/depd-1.1.2.tgz",
        "inherits": "https://registry.npmjs.org/inherits/-/inherits-2.0.3.tgz",
        "setprototypeof": "https://registry.npmjs.org/setprototypeof/-/setprototypeof-1.1.0.tgz",
        "statuses": "https://registry.npmjs.org/statuses/-/statuses-1.4.0.tgz"
      }
    },
    "iconv-lite": {
      "version": "https://registry.npmjs.org/iconv-lite/-/iconv-lite-0.4.19.tgz",
      "integrity": "sha1-90aPYBNfXl2tM5nAqBvpoWA6CCs="
    },
    "inflection": {
      "version": "https://registry.npmjs.org/inflection/-/inflection-1.12.0.tgz",
      "integrity": "sha1-ogCTVlbW9fa8TcdQLhrstwMihBY="
    },
    "inherits": {
      "version": "https://registry.npmjs.org/inherits/-/inherits-2.0.3.tgz",
      "integrity": "sha1-Yzwsg+PaQqUC9SRmAiSA9CCCYd4="
    },
    "ipaddr.js": {
      "version": "https://registry.npmjs.org/ipaddr.js/-/ipaddr.js-1.6.0.tgz",
      "integrity": "sha1-4/o1e3c9phnybpXwSdBVxyeW+Gs="
    },
    "is-bluebird": {
      "version": "https://registry.npmjs.org/is-bluebird/-/is-bluebird-1.0.2.tgz",
      "integrity": "sha1-CWQ5Bg9KpBGr7hkUOoTWpVNG1uI="
    },
    "lodash": {
      "version": "https://registry.npmjs.org/lodash/-/lodash-4.17.10.tgz",
      "integrity": "sha1-G3eTz3JZ6jj7NmHU04syYK+K5Oc="
    },
    "media-typer": {
      "version": "https://registry.npmjs.org/media-typer/-/media-typer-0.3.0.tgz",
      "integrity": "sha1-hxDXrwqmJvj/+hzgAWhUUmMlV0g="
    },
    "merge-descriptors": {
      "version": "https://registry.npmjs.org/merge-descriptors/-/merge-descriptors-1.0.1.tgz",
      "integrity": "sha1-sAqqVW3YtEVoFQ7J0blT8/kMu2E="
    },
    "methods": {
      "version": "https://registry.npmjs.org/methods/-/methods-1.1.2.tgz",
      "integrity": "sha1-VSmk1nZUE07cxSZmVoNbD4Ua/O4="
    },
    "mime": {
      "version": "https://registry.npmjs.org/mime/-/mime-1.4.1.tgz",
      "integrity": "sha1-Eh+evEnjdm8xGnbh+hyAA8SwOqY="
    },
    "mime-db": {
      "version": "https://registry.npmjs.org/mime-db/-/mime-db-1.33.0.tgz",
      "integrity": "sha1-o0kgUKXLm2NFBUHjnZeI0icng9s="
    },
    "mime-types": {
      "version": "https://registry.npmjs.org/mime-types/-/mime-types-2.1.18.tgz",
      "integrity": "sha1-bzI/YKg9ERRvgx/xH9ZuL+VQO7g=",
      "requires": {
        "mime-db": "https://registry.npmjs.org/mime-db/-/mime-db-1.33.0.tgz"
      }
    },
    "moment": {
      "version": "https://registry.npmjs.org/moment/-/moment-2.22.1.tgz",
      "integrity": "sha1-Upoum/lz8lnJZD0jf9qE3jom6K0="
    },
    "moment-timezone": {
      "version": "https://registry.npmjs.org/moment-timezone/-/moment-timezone-0.5.16.tgz",
      "integrity": "sha1-ZhcX1fVbTSwuACJi1ybIN4UZKlo=",
      "requires": {
        "moment": "https://registry.npmjs.org/moment/-/moment-2.22.1.tgz"
      }
    },
    "ms": {
      "version": "https://registry.npmjs.org/ms/-/ms-2.0.0.tgz",
      "integrity": "sha1-VgiurfwAvmwpAd9fmGF4jeDVl8g="
    },
    "nan": {
      "version": "2.9.2",
      "resolved": "https://registry.npmjs.org/nan/-/nan-2.9.2.tgz",
      "integrity": "sha1-9WTXX1+PNqbZRWzKemxP5IireGY="
    },
    "negotiator": {
      "version": "https://registry.npmjs.org/negotiator/-/negotiator-0.6.1.tgz",
      "integrity": "sha1-KzJxhOiZIQEXeyhWP7XnECrNDKk="
    },
    "on-finished": {
      "version": "https://registry.npmjs.org/on-finished/-/on-finished-2.3.0.tgz",
      "integrity": "sha1-IPEzZIGwg811M3mSoWlxqi2QaUc=",
      "requires": {
        "ee-first": "https://registry.npmjs.org/ee-first/-/ee-first-1.1.1.tgz"
      }
    },
    "on-headers": {
      "version": "https://registry.npmjs.org/on-headers/-/on-headers-1.0.1.tgz",
      "integrity": "sha1-ko9dD0cNSTQmUepnlLCFfBAGk/c="
    },
    "parseurl": {
      "version": "https://registry.npmjs.org/parseurl/-/parseurl-1.3.2.tgz",
      "integrity": "sha1-/CidTtiZMRlGDBViUyYs3I3mW/M="
    },
    "passport": {
      "version": "https://registry.npmjs.org/passport/-/passport-0.4.0.tgz",
      "integrity": "sha1-xQlWkTR71a07XhgCOMORTRbwWBE=",
      "requires": {
        "passport-strategy": "https://registry.npmjs.org/passport-strategy/-/passport-strategy-1.0.0.tgz",
        "pause": "https://registry.npmjs.org/pause/-/pause-0.0.1.tgz"
      }
    },
    "passport-local": {
      "version": "https://registry.npmjs.org/passport-local/-/passport-local-1.0.0.tgz",
      "integrity": "sha1-H+YyaMkudWBmJkN+O5BmYsFbpu4=",
      "requires": {
        "passport-strategy": "https://registry.npmjs.org/passport-strategy/-/passport-strategy-1.0.0.tgz"
      }
    },
    "passport-strategy": {
      "version": "https://registry.npmjs.org/passport-strategy/-/passport-strategy-1.0.0.tgz",
      "integrity": "sha1-tVOaqPwiWj0a0XlHbd8ja0QPUuQ="
    },
    "path-to-regexp": {
      "version": "https://registry.npmjs.org/path-to-regexp/-/path-to-regexp-0.1.7.tgz",
      "integrity": "sha1-32BBeABfUi8V60SQ5yR6G/qmf4w="
    },
    "pause": {
      "version": "https://registry.npmjs.org/pause/-/pause-0.0.1.tgz",
      "integrity": "sha1-HUCLP9t2kjuVQ9lvtMnf1TXZy10="
    },
    "proxy-addr": {
      "version": "https://registry.npmjs.org/proxy-addr/-/proxy-addr-2.0.3.tgz",
      "integrity": "sha1-NV8mJQWmIWRrMTCnKOtkfiIFU0E=",
      "requires": {
        "forwarded": "https://registry.npmjs.org/forwarded/-/forwarded-0.1.2.tgz",
        "ipaddr.js": "https://registry.npmjs.org/ipaddr.js/-/ipaddr.js-1.6.0.tgz"
      }
    },
    "qs": {
      "version": "https://registry.npmjs.org/qs/-/qs-6.5.1.tgz",
      "integrity": "sha1-NJzfbu+J7EXBLX1es/wMhwNDptg="
    },
    "random-bytes": {
      "version": "https://registry.npmjs.org/random-bytes/-/random-bytes-1.0.0.tgz",
      "integrity": "sha1-T2ih3Arli9P7lYSMMDJNt11kNgs="
    },
    "range-parser": {
      "version": "https://registry.npmjs.org/range-parser/-/range-parser-1.2.0.tgz",
      "integrity": "sha1-9JvmtIeJTdxA3MlKMi9hEJLgDV4="
    },
    "raw-body": {
      "version": "https://registry.npmjs.org/raw-body/-/raw-body-2.3.2.tgz",
      "integrity": "sha1-vNYMd9Prk83gBQKVw/N5OJvIj4k=",
      "requires": {
        "bytes": "https://registry.npmjs.org/bytes/-/bytes-3.0.0.tgz",
        "http-errors": "https://registry.npmjs.org/http-errors/-/http-errors-1.6.2.tgz",
        "iconv-lite": "https://registry.npmjs.org/iconv-lite/-/iconv-lite-0.4.19.tgz",
        "unpipe": "https://registry.npmjs.org/unpipe/-/unpipe-1.0.0.tgz"
      },
      "dependencies": {
        "depd": {
          "version": "https://registry.npmjs.org/depd/-/depd-1.1.1.tgz",
          "integrity": "sha1-V4O04cRZ8G+lyif5kfPQbnoxA1k="
        },
        "http-errors": {
          "version": "https://registry.npmjs.org/http-errors/-/http-errors-1.6.2.tgz",
          "integrity": "sha1-CgAsyFcHGSp+eUbO7cERVfYOxzY=",
          "requires": {
            "depd": "https://registry.npmjs.org/depd/-/depd-1.1.1.tgz",
            "inherits": "https://registry.npmjs.org/inherits/-/inherits-2.0.3.tgz",
            "setprototypeof": "https://registry.npmjs.org/setprototypeof/-/setprototypeof-1.0.3.tgz",
            "statuses": "https://registry.npmjs.org/statuses/-/statuses-1.4.0.tgz"
          }
        },
        "setprototypeof": {
          "version": "https://registry.npmjs.org/setprototypeof/-/setprototypeof-1.0.3.tgz",
          "integrity": "sha1-ZlZ+NwQ+608E2RvWWMDL77VbjgQ="
        }
      }
    },
    "retry-as-promised": {
      "version": "https://registry.npmjs.org/retry-as-promised/-/retry-as-promised-2.3.2.tgz",
      "integrity": "sha1-zZdO5P2bX+A8vzGHHuSCIcB3N7c=",
      "requires": {
        "bluebird": "https://registry.npmjs.org/bluebird/-/bluebird-3.5.1.tgz",
        "debug": "https://registry.npmjs.org/debug/-/debug-2.6.9.tgz"
      }
    },
    "safe-buffer": {
      "version": "https://registry.npmjs.org/safe-buffer/-/safe-buffer-5.1.1.tgz",
      "integrity": "sha1-iTMSr2myEj3vcfV4iQAWce6yyFM="
    },
    "semver": {
      "version": "https://registry.npmjs.org/semver/-/semver-5.5.0.tgz",
      "integrity": "sha1-3Eu8emyp2Rbe5dQ1FvAJK1j3uKs="
    },
    "send": {
      "version": "https://registry.npmjs.org/send/-/send-0.16.2.tgz",
      "integrity": "sha1-bsyh4PjBVtFBWXVZhI32RzCmu8E=",
      "requires": {
        "debug": "https://registry.npmjs.org/debug/-/debug-2.6.9.tgz",
        "depd": "https://registry.npmjs.org/depd/-/depd-1.1.2.tgz",
        "destroy": "https://registry.npmjs.org/destroy/-/destroy-1.0.4.tgz",
        "encodeurl": "https://registry.npmjs.org/encodeurl/-/encodeurl-1.0.2.tgz",
        "escape-html": "https://registry.npmjs.org/escape-html/-/escape-html-1.0.3.tgz",
        "etag": "https://registry.npmjs.org/etag/-/etag-1.8.1.tgz",
        "fresh": "https://registry.npmjs.org/fresh/-/fresh-0.5.2.tgz",
        "http-errors": "https://registry.npmjs.org/http-errors/-/http-errors-1.6.3.tgz",
        "mime": "https://registry.npmjs.org/mime/-/mime-1.4.1.tgz",
        "ms": "https://registry.npmjs.org/ms/-/ms-2.0.0.tgz",
        "on-finished": "https://registry.npmjs.org/on-finished/-/on-finished-2.3.0.tgz",
        "range-parser": "https://registry.npmjs.org/range-parser/-/range-parser-1.2.0.tgz",
        "statuses": "https://registry.npmjs.org/statuses/-/statuses-1.4.0.tgz"
      }
    },
    "sequelize": {
      "version": "https://registry.npmjs.org/sequelize/-/sequelize-4.37.6.tgz",
      "integrity": "sha1-837sVaKFz96rJ/ioXF2zgDT4cSY=",
      "requires": {
        "bluebird": "https://registry.npmjs.org/bluebird/-/bluebird-3.5.1.tgz",
        "cls-bluebird": "https://registry.npmjs.org/cls-bluebird/-/cls-bluebird-2.1.0.tgz",
        "debug": "https://registry.npmjs.org/debug/-/debug-3.1.0.tgz",
        "depd": "https://registry.npmjs.org/depd/-/depd-1.1.2.tgz",
        "dottie": "https://registry.npmjs.org/dottie/-/dottie-2.0.0.tgz",
        "generic-pool": "https://registry.npmjs.org/generic-pool/-/generic-pool-3.4.2.tgz",
        "inflection": "https://registry.npmjs.org/inflection/-/inflection-1.12.0.tgz",
        "lodash": "https://registry.npmjs.org/lodash/-/lodash-4.17.10.tgz",
        "moment": "https://registry.npmjs.org/moment/-/moment-2.22.1.tgz",
        "moment-timezone": "https://registry.npmjs.org/moment-timezone/-/moment-timezone-0.5.16.tgz",
        "retry-as-promised": "https://registry.npmjs.org/retry-as-promised/-/retry-as-promised-2.3.2.tgz",
        "semver": "https://registry.npmjs.org/semver/-/semver-5.5.0.tgz",
        "terraformer-wkt-parser": "https://registry.npmjs.org/terraformer-wkt-parser/-/terraformer-wkt-parser-1.1.2.tgz",
        "toposort-class": "https://registry.npmjs.org/toposort-class/-/toposort-class-1.0.1.tgz",
        "uuid": "https://registry.npmjs.org/uuid/-/uuid-3.2.1.tgz",
        "validator": "https://registry.npmjs.org/validator/-/validator-9.4.1.tgz",
        "wkx": "https://registry.npmjs.org/wkx/-/wkx-0.4.4.tgz"
      },
      "dependencies": {
        "debug": {
          "version": "https://registry.npmjs.org/debug/-/debug-3.1.0.tgz",
          "integrity": "sha1-W7WgZyYotkFJVmuhaBnmFRjGcmE=",
          "requires": {
            "ms": "https://registry.npmjs.org/ms/-/ms-2.0.0.tgz"
          }
        }
      }
    },
    "serve-static": {
      "version": "https://registry.npmjs.org/serve-static/-/serve-static-1.13.2.tgz",
      "integrity": "sha1-CV6Ecv1bRiN9tQzkhqQ/S4bGzsE=",
      "requires": {
        "encodeurl": "https://registry.npmjs.org/encodeurl/-/encodeurl-1.0.2.tgz",
        "escape-html": "https://registry.npmjs.org/escape-html/-/escape-html-1.0.3.tgz",
        "parseurl": "https://registry.npmjs.org/parseurl/-/parseurl-1.3.2.tgz",
        "send": "https://registry.npmjs.org/send/-/send-0.16.2.tgz"
      }
    },
    "setprototypeof": {
      "version": "https://registry.npmjs.org/setprototypeof/-/setprototypeof-1.1.0.tgz",
      "integrity": "sha1-0L2FU2iHtv58DYGMuWLZ2RxU5lY="
    },
    "shimmer": {
      "version": "https://registry.npmjs.org/shimmer/-/shimmer-1.2.0.tgz",
      "integrity": "sha1-+Wb3VVeJdj502IQRk2haXnhzZmU="
    },
    "sqlite3": {
      "version": "4.0.0",
      "resolved": "https://registry.npmjs.org/sqlite3/-/sqlite3-4.0.0.tgz",
      "integrity": "sha512-6OlcAQNGaRSBLK1CuaRbKwlMFBb9DEhzmZyQP+fltNRF6XcIMpVIfXCBEcXPe1d4v9LnhkQUYkknDbA5JReqJg==",
      "requires": {
        "nan": "2.9.2",
        "node-pre-gyp": "0.9.0"
      },
      "dependencies": {
        "abbrev": {
          "version": "1.1.1",
          "bundled": true
        },
        "ansi-regex": {
          "version": "2.1.1",
          "bundled": true
        },
        "aproba": {
          "version": "1.2.0",
          "bundled": true
        },
        "are-we-there-yet": {
          "version": "1.1.4",
          "bundled": true,
          "requires": {
            "delegates": "1.0.0",
            "readable-stream": "2.3.5"
          }
        },
        "balanced-match": {
          "version": "1.0.0",
          "bundled": true
        },
        "brace-expansion": {
          "version": "1.1.11",
          "bundled": true,
          "requires": {
            "balanced-match": "1.0.0",
            "concat-map": "0.0.1"
          }
        },
        "chownr": {
          "version": "1.0.1",
          "bundled": true
        },
        "code-point-at": {
          "version": "1.1.0",
          "bundled": true
        },
        "concat-map": {
          "version": "0.0.1",
          "bundled": true
        },
        "console-control-strings": {
          "version": "1.1.0",
          "bundled": true
        },
        "core-util-is": {
          "version": "1.0.2",
          "bundled": true
        },
        "debug": {
          "version": "2.6.9",
          "bundled": true,
          "requires": {
            "ms": "2.0.0"
          }
        },
        "deep-extend": {
          "version": "0.4.2",
          "bundled": true
        },
        "delegates": {
          "version": "1.0.0",
          "bundled": true
        },
        "detect-libc": {
          "version": "1.0.3",
          "bundled": true
        },
        "fs-minipass": {
          "version": "1.2.5",
          "bundled": true,
          "requires": {
            "minipass": "2.2.1"
          }
        },
        "fs.realpath": {
          "version": "1.0.0",
          "bundled": true
        },
        "gauge": {
          "version": "2.7.4",
          "bundled": true,
          "requires": {
            "aproba": "1.2.0",
            "console-control-strings": "1.1.0",
            "has-unicode": "2.0.1",
            "object-assign": "4.1.1",
            "signal-exit": "3.0.2",
            "string-width": "1.0.2",
            "strip-ansi": "3.0.1",
            "wide-align": "1.1.2"
          }
        },
        "glob": {
          "version": "7.1.2",
          "bundled": true,
          "requires": {
            "fs.realpath": "1.0.0",
            "inflight": "1.0.6",
            "inherits": "2.0.3",
            "minimatch": "3.0.4",
            "once": "1.4.0",
            "path-is-absolute": "1.0.1"
          }
        },
        "has-unicode": {
          "version": "2.0.1",
          "bundled": true
        },
        "iconv-lite": {
          "version": "0.4.19",
          "bundled": true
        },
        "ignore-walk": {
          "version": "3.0.1",
          "bundled": true,
          "requires": {
            "minimatch": "3.0.4"
          }
        },
        "inflight": {
          "version": "1.0.6",
          "bundled": true,
          "requires": {
            "once": "1.4.0",
            "wrappy": "1.0.2"
          }
        },
        "inherits": {
          "version": "2.0.3",
          "bundled": true
        },
        "ini": {
          "version": "1.3.5",
          "bundled": true
        },
        "is-fullwidth-code-point": {
          "version": "1.0.0",
          "bundled": true,
          "requires": {
            "number-is-nan": "1.0.1"
          }
        },
        "isarray": {
          "version": "1.0.0",
          "bundled": true
        },
        "minimatch": {
          "version": "3.0.4",
          "bundled": true,
          "requires": {
            "brace-expansion": "1.1.11"
          }
        },
        "minimist": {
          "version": "0.0.8",
          "bundled": true
        },
        "minipass": {
          "version": "2.2.1",
          "bundled": true,
          "requires": {
            "yallist": "3.0.2"
          }
        },
        "minizlib": {
          "version": "1.1.0",
          "bundled": true,
          "requires": {
            "minipass": "2.2.1"
          }
        },
        "mkdirp": {
          "version": "0.5.1",
          "bundled": true,
          "requires": {
            "minimist": "0.0.8"
          }
        },
        "ms": {
          "version": "2.0.0",
          "bundled": true
        },
        "needle": {
          "version": "2.2.0",
          "bundled": true,
          "requires": {
            "debug": "2.6.9",
            "iconv-lite": "0.4.19",
            "sax": "1.2.4"
          }
        },
        "node-pre-gyp": {
          "version": "0.9.0",
          "bundled": true,
          "requires": {
            "detect-libc": "1.0.3",
            "mkdirp": "0.5.1",
            "needle": "2.2.0",
            "nopt": "4.0.1",
            "npm-packlist": "1.1.10",
            "npmlog": "4.1.2",
            "rc": "1.2.6",
            "rimraf": "2.6.2",
            "semver": "5.5.0",
            "tar": "4.4.0"
          }
        },
        "nopt": {
          "version": "4.0.1",
          "bundled": true,
          "requires": {
            "abbrev": "1.1.1",
            "osenv": "0.1.5"
          }
        },
        "npm-bundled": {
          "version": "1.0.3",
          "bundled": true
        },
        "npm-packlist": {
          "version": "1.1.10",
          "bundled": true,
          "requires": {
            "ignore-walk": "3.0.1",
            "npm-bundled": "1.0.3"
          }
        },
        "npmlog": {
          "version": "4.1.2",
          "bundled": true,
          "requires": {
            "are-we-there-yet": "1.1.4",
            "console-control-strings": "1.1.0",
            "gauge": "2.7.4",
            "set-blocking": "2.0.0"
          }
        },
        "number-is-nan": {
          "version": "1.0.1",
          "bundled": true
        },
        "object-assign": {
          "version": "4.1.1",
          "bundled": true
        },
        "once": {
          "version": "1.4.0",
          "bundled": true,
          "requires": {
            "wrappy": "1.0.2"
          }
        },
        "os-homedir": {
          "version": "1.0.2",
          "bundled": true
        },
        "os-tmpdir": {
          "version": "1.0.2",
          "bundled": true
        },
        "osenv": {
          "version": "0.1.5",
          "bundled": true,
          "requires": {
            "os-homedir": "1.0.2",
            "os-tmpdir": "1.0.2"
          }
        },
        "path-is-absolute": {
          "version": "1.0.1",
          "bundled": true
        },
        "process-nextick-args": {
          "version": "2.0.0",
          "bundled": true
        },
        "rc": {
          "version": "1.2.6",
          "bundled": true,
          "requires": {
            "deep-extend": "0.4.2",
            "ini": "1.3.5",
            "minimist": "1.2.0",
            "strip-json-comments": "2.0.1"
          },
          "dependencies": {
            "minimist": {
              "version": "1.2.0",
              "bundled": true
            }
          }
        },
        "readable-stream": {
          "version": "2.3.5",
          "bundled": true,
          "requires": {
            "core-util-is": "1.0.2",
            "inherits": "2.0.3",
            "isarray": "1.0.0",
            "process-nextick-args": "2.0.0",
            "safe-buffer": "5.1.1",
            "string_decoder": "1.0.3",
            "util-deprecate": "1.0.2"
          }
        },
        "rimraf": {
          "version": "2.6.2",
          "bundled": true,
          "requires": {
            "glob": "7.1.2"
          }
        },
        "safe-buffer": {
          "version": "5.1.1",
          "bundled": true
        },
        "sax": {
          "version": "1.2.4",
          "bundled": true
        },
        "semver": {
          "version": "5.5.0",
          "bundled": true
        },
        "set-blocking": {
          "version": "2.0.0",
          "bundled": true
        },
        "signal-exit": {
          "version": "3.0.2",
          "bundled": true
        },
        "string-width": {
          "version": "1.0.2",
          "bundled": true,
          "requires": {
            "code-point-at": "1.1.0",
            "is-fullwidth-code-point": "1.0.0",
            "strip-ansi": "3.0.1"
          }
        },
        "string_decoder": {
          "version": "1.0.3",
          "bundled": true,
          "requires": {
            "safe-buffer": "5.1.1"
          }
        },
        "strip-ansi": {
          "version": "3.0.1",
          "bundled": true,
          "requires": {
            "ansi-regex": "2.1.1"
          }
        },
        "strip-json-comments": {
          "version": "2.0.1",
          "bundled": true
        },
        "tar": {
          "version": "4.4.0",
          "bundled": true,
          "requires": {
            "chownr": "1.0.1",
            "fs-minipass": "1.2.5",
            "minipass": "2.2.1",
            "minizlib": "1.1.0",
            "mkdirp": "0.5.1",
            "yallist": "3.0.2"
          }
        },
        "util-deprecate": {
          "version": "1.0.2",
          "bundled": true
        },
        "wide-align": {
          "version": "1.1.2",
          "bundled": true,
          "requires": {
            "string-width": "1.0.2"
          }
        },
        "wrappy": {
          "version": "1.0.2",
          "bundled": true
        },
        "yallist": {
          "version": "3.0.2",
          "bundled": true
        }
      }
    },
    "statuses": {
      "version": "https://registry.npmjs.org/statuses/-/statuses-1.4.0.tgz",
      "integrity": "sha1-u3PURtonlhBu/MG2AaJT1sRr0Ic="
    },
    "terraformer": {
      "version": "https://registry.npmjs.org/terraformer/-/terraformer-1.0.8.tgz",
      "integrity": "sha1-UeCtiXRvzyFh3G9lqnDkI3fItZM=",
      "requires": {
        "@types/geojson": "https://registry.npmjs.org/@types/geojson/-/geojson-1.0.6.tgz"
      }
    },
    "terraformer-wkt-parser": {
      "version": "https://registry.npmjs.org/terraformer-wkt-parser/-/terraformer-wkt-parser-1.1.2.tgz",
      "integrity": "sha1-M2oMj8gglKWv+DKI9prt7NNpvww=",
      "requires": {
        "terraformer": "https://registry.npmjs.org/terraformer/-/terraformer-1.0.8.tgz"
      }
    },
    "toposort-class": {
      "version": "https://registry.npmjs.org/toposort-class/-/toposort-class-1.0.1.tgz",
      "integrity": "sha1-f/0feMi+KMO6Rc1OGj9e4ZO9mYg="
    },
    "type-is": {
      "version": "https://registry.npmjs.org/type-is/-/type-is-1.6.16.tgz",
      "integrity": "sha1-+JzjQVQcZysl7nrjxz3uOyvlAZQ=",
      "requires": {
        "media-typer": "https://registry.npmjs.org/media-typer/-/media-typer-0.3.0.tgz",
        "mime-types": "https://registry.npmjs.org/mime-types/-/mime-types-2.1.18.tgz"
      }
    },
    "typescript": {
      "version": "https://registry.npmjs.org/typescript/-/typescript-2.8.3.tgz",
      "integrity": "sha1-XYF/m28xu4cYNfTt8AifIavmwXA=",
      "dev": true
    },
    "uid-safe": {
      "version": "https://registry.npmjs.org/uid-safe/-/uid-safe-2.1.5.tgz",
      "integrity": "sha1-Kz1cckDo/C5Y+Komnl7knAhXvTo=",
      "requires": {
        "random-bytes": "https://registry.npmjs.org/random-bytes/-/random-bytes-1.0.0.tgz"
      }
    },
    "unpipe": {
      "version": "https://registry.npmjs.org/unpipe/-/unpipe-1.0.0.tgz",
      "integrity": "sha1-sr9O6FFKrmFltIF4KdIbLvSZBOw="
    },
    "utils-merge": {
      "version": "https://registry.npmjs.org/utils-merge/-/utils-merge-1.0.1.tgz",
      "integrity": "sha1-n5VxD1CiZ5R7LMwSR0HBAoQn5xM="
    },
    "uuid": {
      "version": "https://registry.npmjs.org/uuid/-/uuid-3.2.1.tgz",
      "integrity": "sha1-EsUou51Y0LkmXZovbw/ovhf/HxQ="
    },
    "validator": {
      "version": "https://registry.npmjs.org/validator/-/validator-9.4.1.tgz",
      "integrity": "sha1-q/Rm05i1Yc0kMFARLG/x3mzBJmM="
    },
    "vary": {
      "version": "https://registry.npmjs.org/vary/-/vary-1.1.2.tgz",
      "integrity": "sha1-IpnwLG3tMNSllhsLn3RSShj2NPw="
    },
    "wkx": {
      "version": "https://registry.npmjs.org/wkx/-/wkx-0.4.4.tgz",
      "integrity": "sha1-z3UbZy5LReFi+f0wEkh45z2WybI=",
      "requires": {
        "@types/node": "https://registry.npmjs.org/@types/node/-/node-9.6.6.tgz"
      }
    }
  }
}
